# This file is automatically @generated by Cargo.
# It is not intended for manual editing.
version = 4

[[package]]
name = "consumer"
version = "0.1.0"
dependencies = [
 "dept",
]

[[package]]
name = "dept"
version = "1.2.3"
source = "registry+https://github.com/rust-lang/crates.io-index"
checksum = "85c3f1658fd8b26aaa5bb188277e0ccc6a587c082c9c828f3b95311019d513df"
